
Microsoft Visual Studio Solution File, Format Version 12.00
# Visual Studio 15
VisualStudioVersion = 15.0.27130.2010
MinimumVisualStudioVersion = 10.0.40219.1
Project("{FAE04EC0-301F-11D3-BF4B-00C04F79EFBC}") = "Apollo.GradeStatistics.CS", "Apollo.GradeStatistics.CS\Apollo.GradeStatistics.CS.csproj", "{099955ED-F50D-436F-AEB5-16F5354D9E28}"
EndProject
Project("{FAE04EC0-301F-11D3-BF4B-00C04F79EFBC}") = "Apollo.EventAggregatorTest.CS", "Apollo.EventAggregatorTest.WPF\Apollo.EventAggregatorTest.CS.csproj", "{0A9958B5-0812-4B0C-B93E-3F01445AB5E8}"
EndProject
Project("{9A19103F-16F7-4668-BE54-9A1E7A4F7556}") = "Apollo.HelloWorld.ASPNet", "Apollo.HelloWorld.ASPNet\Apollo.HelloWorld.ASPNet.csproj", "{9A34518F-4BB2-4A6F-B73E-3B2CFFE71675}"
EndProject
Project("{E53339B2-1760-4266-BCC7-CA923CBCF16C}") = "docker-compose", "docker-compose.dcproj", "{FB3CD564-4EAA-4F7D-AA1C-650A3F13336F}"
EndProject
Project("{9A19103F-16F7-4668-BE54-9A1E7A4F7556}") = "Apollo.Interface.CS", "Apollo.Interface.CS\Apollo.Interface.CS.csproj", "{19BF92D3-54B4-4094-AE73-345B07FC002C}"
EndProject
Global
	GlobalSection(SolutionConfigurationPlatforms) = preSolution
		Debug|Any CPU = Debug|Any CPU
		Release|Any CPU = Release|Any CPU
	EndGlobalSection
	GlobalSection(ProjectConfigurationPlatforms) = postSolution
		{099955ED-F50D-436F-AEB5-16F5354D9E28}.Debug|Any CPU.ActiveCfg = Debug|Any CPU
		{099955ED-F50D-436F-AEB5-16F5354D9E28}.Debug|Any CPU.Build.0 = Debug|Any CPU
		{099955ED-F50D-436F-AEB5-16F5354D9E28}.Release|Any CPU.ActiveCfg = Release|Any CPU
		{099955ED-F50D-436F-AEB5-16F5354D9E28}.Release|Any CPU.Build.0 = Release|Any CPU
		{0A9958B5-0812-4B0C-B93E-3F01445AB5E8}.Debug|Any CPU.ActiveCfg = Debug|Any CPU
		{0A9958B5-0812-4B0C-B93E-3F01445AB5E8}.Debug|Any CPU.Build.0 = Debug|Any CPU
		{0A9958B5-0812-4B0C-B93E-3F01445AB5E8}.Release|Any CPU.ActiveCfg = Release|Any CPU
		{0A9958B5-0812-4B0C-B93E-3F01445AB5E8}.Release|Any CPU.Build.0 = Release|Any CPU
		{9A34518F-4BB2-4A6F-B73E-3B2CFFE71675}.Debug|Any CPU.ActiveCfg = Debug|Any CPU
		{9A34518F-4BB2-4A6F-B73E-3B2CFFE71675}.Debug|Any CPU.Build.0 = Debug|Any CPU
		{9A34518F-4BB2-4A6F-B73E-3B2CFFE71675}.Release|Any CPU.ActiveCfg = Release|Any CPU
		{9A34518F-4BB2-4A6F-B73E-3B2CFFE71675}.Release|Any CPU.Build.0 = Release|Any CPU
		{FB3CD564-4EAA-4F7D-AA1C-650A3F13336F}.Debug|Any CPU.ActiveCfg = Debug|Any CPU
		{FB3CD564-4EAA-4F7D-AA1C-650A3F13336F}.Debug|Any CPU.Build.0 = Debug|Any CPU
		{FB3CD564-4EAA-4F7D-AA1C-650A3F13336F}.Release|Any CPU.ActiveCfg = Release|Any CPU
		{FB3CD564-4EAA-4F7D-AA1C-650A3F13336F}.Release|Any CPU.Build.0 = Release|Any CPU
		{19BF92D3-54B4-4094-AE73-345B07FC002C}.Debug|Any CPU.ActiveCfg = Debug|Any CPU
		{19BF92D3-54B4-4094-AE73-345B07FC002C}.Debug|Any CPU.Build.0 = Debug|Any CPU
		{19BF92D3-54B4-4094-AE73-345B07FC002C}.Release|Any CPU.ActiveCfg = Release|Any CPU
		{19BF92D3-54B4-4094-AE73-345B07FC002C}.Release|Any CPU.Build.0 = Release|Any CPU
	EndGlobalSection
	GlobalSection(SolutionProperties) = preSolution
		HideSolutionNode = FALSE
	EndGlobalSection
	GlobalSection(ExtensibilityGlobals) = postSolution
		SolutionGuid = {C0B2DACF-D9B4-4358-AEC2-CCBC55A8C1C8}
	EndGlobalSection
EndGlobal
