
Microsoft Visual Studio Solution File, Format Version 12.00
# Visual Studio 15
VisualStudioVersion = 15.0.27130.2010
MinimumVisualStudioVersion = 10.0.40219.1
Project("{FAE04EC0-301F-11D3-BF4B-00C04F79EFBC}") = "Apollo.GradeStatistics.CS", "Apollo.GradeStatistics.CS\Apollo.GradeStatistics.CS.csproj", "{099955ED-F50D-436F-AEB5-16F5354D9E28}"
EndProject
Project("{FAE04EC0-301F-11D3-BF4B-00C04F79EFBC}") = "Apollo.EventAggregatorTest.CS", "Apollo.EventAggregatorTest.WPF\Apollo.EventAggregatorTest.CS.csproj", "{0A9958B5-0812-4B0C-B93E-3F01445AB5E8}"
EndProject
Project("{9A19103F-16F7-4668-BE54-9A1E7A4F7556}") = "Apollo.HelloWorld.ASPNet", "Apollo.HelloWorld.ASPNet\Apollo.HelloWorld.ASPNet.csproj", "{9A34518F-4BB2-4A6F-B73E-3B2CFFE71675}"
EndProject
Project("{9A19103F-16F7-4668-BE54-9A1E7A4F7556}") = "Apollo.CSInterfaces.Module1.Interface.CS", "Apollo.CSInterfaces.Module1.Interface.CS\Apollo.CSInterfaces.Module1.Interface.CS.csproj", "{6BA1EF29-5C72-4D5D-903C-7669F1D7108C}"
EndProject
Project("{FAE04EC0-301F-11D3-BF4B-00C04F79EFBC}") = "Apollo.CSInterfaces.Module2.PeopleViewer.WPF", "Apollo.CSInterfaces.Module2.PeopleViewer.WPF\Apollo.CSInterfaces.Module2.PeopleViewer.WPF.csproj", "{11BA89C0-0380-4950-A13B-5E96B5C8F97E}"
EndProject
Project("{FAE04EC0-301F-11D3-BF4B-00C04F79EFBC}") = "Apollo.CSInterfaces.Module2.PersonLibrary.CS", "Apollo.CSInterfaces.Module2.PersonLibrary.CS\Apollo.CSInterfaces.Module2.PersonLibrary.CS.csproj", "{A1702A5B-7423-45A7-B663-C117119B4A74}"
EndProject
Project("{FAE04EC0-301F-11D3-BF4B-00C04F79EFBC}") = "Apollo.CSInterfaces.Module3.People.SVC", "Apollo.CSInterfaces.Module3.People.SVC\Apollo.CSInterfaces.Module3.People.SVC.csproj", "{FEB41959-284B-4FAF-B283-65842EE99475}"
EndProject
Project("{2150E333-8FDC-42A3-9474-1A3956D46DE8}") = "CSInterfaces.Module1", "CSInterfaces.Module1", "{BD4967E4-8B3F-4AF0-A9CF-D2AF75961E8D}"
EndProject
Project("{2150E333-8FDC-42A3-9474-1A3956D46DE8}") = "CSInterfaces.Module2", "CSInterfaces.Module2", "{B764ECBF-5CAF-463F-A1CA-248AE87A5713}"
EndProject
Project("{2150E333-8FDC-42A3-9474-1A3956D46DE8}") = "CSInterfaces.Module3", "CSInterfaces.Module3", "{A688D535-DD43-46E8-89FA-8FD37471F7DD}"
EndProject
Project("{FAE04EC0-301F-11D3-BF4B-00C04F79EFBC}") = "Apollo.CSInterfaces.Module3.PeopleViewer.WPF", "Apollo.CSInterfaces.Module3.PeopleViewer.WPF\Apollo.CSInterfaces.Module3.PeopleViewer.WPF.csproj", "{57577AD4-F006-48CE-90EC-6C555A04B590}"
EndProject
Project("{2150E333-8FDC-42A3-9474-1A3956D46DE8}") = "Services", "Services", "{13B6B76C-BB76-4565-A0C1-3522A8F66D72}"
EndProject
Project("{2150E333-8FDC-42A3-9474-1A3956D46DE8}") = "Repository", "Repository", "{963FA778-813B-4503-ADA5-022CC255CC18}"
EndProject
Project("{FAE04EC0-301F-11D3-BF4B-00C04F79EFBC}") = "Apollo.CSInterfaces.Module3.Interfaces.CS", "Apollo.CSInterfaces.Module3.Interfaces.CS\Apollo.CSInterfaces.Module3.Interfaces.CS.csproj", "{DC64B708-1D5B-4642-A0EF-B0C73BAA0D57}"
EndProject
Project("{FAE04EC0-301F-11D3-BF4B-00C04F79EFBC}") = "Apollo.CSInterfaces.Module3.ServiceRepository.CS", "Apollo.CSInterfaces.Module3.ServiceRepository.CS\Apollo.CSInterfaces.Module3.ServiceRepository.CS.csproj", "{D0801072-DB07-4800-A8F6-EF12033C5E3C}"
	ProjectSection(ProjectDependencies) = postProject
		{FEB41959-284B-4FAF-B283-65842EE99475} = {FEB41959-284B-4FAF-B283-65842EE99475}
	EndProjectSection
EndProject
Project("{FAE04EC0-301F-11D3-BF4B-00C04F79EFBC}") = "Apollo.CSInterfaces.Module3.CSVRepository", "Apollo.CSInterfaces.Module3.CSVRepository\Apollo.CSInterfaces.Module3.CSVRepository.csproj", "{C803831F-D4CE-4949-83CF-ACE75B57DBA6}"
EndProject
Project("{2150E333-8FDC-42A3-9474-1A3956D46DE8}") = "CSInterfaces.Module4", "CSInterfaces.Module4", "{0A67F207-440C-43BD-B240-46FDDFAE70E2}"
EndProject
Project("{FAE04EC0-301F-11D3-BF4B-00C04F79EFBC}") = "Apollo.CSInterfaces.Module4.CSVRepository", "Apollo.CSInterfaces.Module4.CSVRepository\Apollo.CSInterfaces.Module4.CSVRepository.csproj", "{342E5908-5478-409B-9676-178ED7B7A8BE}"
EndProject
Project("{FAE04EC0-301F-11D3-BF4B-00C04F79EFBC}") = "Apollo.CSInterfaces.Module4.Interfaces.CS", "Apollo.CSInterfaces.Module4.Interfaces.CS\Apollo.CSInterfaces.Module4.Interfaces.CS.csproj", "{17941A7A-B6FC-4716-ABDF-10983300CB1B}"
EndProject
Project("{FAE04EC0-301F-11D3-BF4B-00C04F79EFBC}") = "Apollo.CSInterfaces.Module4.People.SVC", "Apollo.CSInterfaces.Module4.People.SVC\Apollo.CSInterfaces.Module4.People.SVC.csproj", "{87296137-11FD-4F3A-A33C-32BE730B743C}"
EndProject
Project("{FAE04EC0-301F-11D3-BF4B-00C04F79EFBC}") = "Apollo.CSInterfaces.Module4.PeopleViewer.WPF", "Apollo.CSInterfaces.Module4.PeopleViewer.WPF\Apollo.CSInterfaces.Module4.PeopleViewer.WPF.csproj", "{87401C06-8EDC-4E49-ACDE-5D774D7E2D84}"
EndProject
Project("{FAE04EC0-301F-11D3-BF4B-00C04F79EFBC}") = "Apollo.CSInterfaces.Module4.ServiceRepository.CS", "Apollo.CSInterfaces.Module4.ServiceRepository.CS\Apollo.CSInterfaces.Module4.ServiceRepository.CS.csproj", "{1D8FD548-1CD5-4B29-B2E8-71E4C2D740EC}"
	ProjectSection(ProjectDependencies) = postProject
		{87296137-11FD-4F3A-A33C-32BE730B743C} = {87296137-11FD-4F3A-A33C-32BE730B743C}
	EndProjectSection
EndProject
Project("{2150E333-8FDC-42A3-9474-1A3956D46DE8}") = "Repository", "Repository", "{CCF8D499-D9DC-4D55-BA17-72C390DBE6E3}"
EndProject
Project("{2150E333-8FDC-42A3-9474-1A3956D46DE8}") = "Services", "Services", "{021A57EF-AEC5-4313-BDC5-961D8116B764}"
EndProject
Global
	GlobalSection(SolutionConfigurationPlatforms) = preSolution
		Debug|Any CPU = Debug|Any CPU
		Release|Any CPU = Release|Any CPU
	EndGlobalSection
	GlobalSection(ProjectConfigurationPlatforms) = postSolution
		{099955ED-F50D-436F-AEB5-16F5354D9E28}.Debug|Any CPU.ActiveCfg = Debug|Any CPU
		{099955ED-F50D-436F-AEB5-16F5354D9E28}.Debug|Any CPU.Build.0 = Debug|Any CPU
		{099955ED-F50D-436F-AEB5-16F5354D9E28}.Release|Any CPU.ActiveCfg = Release|Any CPU
		{099955ED-F50D-436F-AEB5-16F5354D9E28}.Release|Any CPU.Build.0 = Release|Any CPU
		{0A9958B5-0812-4B0C-B93E-3F01445AB5E8}.Debug|Any CPU.ActiveCfg = Debug|Any CPU
		{0A9958B5-0812-4B0C-B93E-3F01445AB5E8}.Debug|Any CPU.Build.0 = Debug|Any CPU
		{0A9958B5-0812-4B0C-B93E-3F01445AB5E8}.Release|Any CPU.ActiveCfg = Release|Any CPU
		{0A9958B5-0812-4B0C-B93E-3F01445AB5E8}.Release|Any CPU.Build.0 = Release|Any CPU
		{9A34518F-4BB2-4A6F-B73E-3B2CFFE71675}.Debug|Any CPU.ActiveCfg = Debug|Any CPU
		{9A34518F-4BB2-4A6F-B73E-3B2CFFE71675}.Debug|Any CPU.Build.0 = Debug|Any CPU
		{9A34518F-4BB2-4A6F-B73E-3B2CFFE71675}.Release|Any CPU.ActiveCfg = Release|Any CPU
		{9A34518F-4BB2-4A6F-B73E-3B2CFFE71675}.Release|Any CPU.Build.0 = Release|Any CPU
		{6BA1EF29-5C72-4D5D-903C-7669F1D7108C}.Debug|Any CPU.ActiveCfg = Debug|Any CPU
		{6BA1EF29-5C72-4D5D-903C-7669F1D7108C}.Debug|Any CPU.Build.0 = Debug|Any CPU
		{6BA1EF29-5C72-4D5D-903C-7669F1D7108C}.Release|Any CPU.ActiveCfg = Release|Any CPU
		{6BA1EF29-5C72-4D5D-903C-7669F1D7108C}.Release|Any CPU.Build.0 = Release|Any CPU
		{11BA89C0-0380-4950-A13B-5E96B5C8F97E}.Debug|Any CPU.ActiveCfg = Debug|Any CPU
		{11BA89C0-0380-4950-A13B-5E96B5C8F97E}.Debug|Any CPU.Build.0 = Debug|Any CPU
		{11BA89C0-0380-4950-A13B-5E96B5C8F97E}.Release|Any CPU.ActiveCfg = Release|Any CPU
		{11BA89C0-0380-4950-A13B-5E96B5C8F97E}.Release|Any CPU.Build.0 = Release|Any CPU
		{A1702A5B-7423-45A7-B663-C117119B4A74}.Debug|Any CPU.ActiveCfg = Debug|Any CPU
		{A1702A5B-7423-45A7-B663-C117119B4A74}.Debug|Any CPU.Build.0 = Debug|Any CPU
		{A1702A5B-7423-45A7-B663-C117119B4A74}.Release|Any CPU.ActiveCfg = Release|Any CPU
		{A1702A5B-7423-45A7-B663-C117119B4A74}.Release|Any CPU.Build.0 = Release|Any CPU
		{FEB41959-284B-4FAF-B283-65842EE99475}.Debug|Any CPU.ActiveCfg = Debug|Any CPU
		{FEB41959-284B-4FAF-B283-65842EE99475}.Debug|Any CPU.Build.0 = Debug|Any CPU
		{FEB41959-284B-4FAF-B283-65842EE99475}.Release|Any CPU.ActiveCfg = Release|Any CPU
		{FEB41959-284B-4FAF-B283-65842EE99475}.Release|Any CPU.Build.0 = Release|Any CPU
		{57577AD4-F006-48CE-90EC-6C555A04B590}.Debug|Any CPU.ActiveCfg = Debug|Any CPU
		{57577AD4-F006-48CE-90EC-6C555A04B590}.Debug|Any CPU.Build.0 = Debug|Any CPU
		{57577AD4-F006-48CE-90EC-6C555A04B590}.Release|Any CPU.ActiveCfg = Release|Any CPU
		{57577AD4-F006-48CE-90EC-6C555A04B590}.Release|Any CPU.Build.0 = Release|Any CPU
		{DC64B708-1D5B-4642-A0EF-B0C73BAA0D57}.Debug|Any CPU.ActiveCfg = Debug|Any CPU
		{DC64B708-1D5B-4642-A0EF-B0C73BAA0D57}.Debug|Any CPU.Build.0 = Debug|Any CPU
		{DC64B708-1D5B-4642-A0EF-B0C73BAA0D57}.Release|Any CPU.ActiveCfg = Release|Any CPU
		{DC64B708-1D5B-4642-A0EF-B0C73BAA0D57}.Release|Any CPU.Build.0 = Release|Any CPU
		{D0801072-DB07-4800-A8F6-EF12033C5E3C}.Debug|Any CPU.ActiveCfg = Debug|Any CPU
		{D0801072-DB07-4800-A8F6-EF12033C5E3C}.Debug|Any CPU.Build.0 = Debug|Any CPU
		{D0801072-DB07-4800-A8F6-EF12033C5E3C}.Release|Any CPU.ActiveCfg = Release|Any CPU
		{D0801072-DB07-4800-A8F6-EF12033C5E3C}.Release|Any CPU.Build.0 = Release|Any CPU
		{C803831F-D4CE-4949-83CF-ACE75B57DBA6}.Debug|Any CPU.ActiveCfg = Debug|Any CPU
		{C803831F-D4CE-4949-83CF-ACE75B57DBA6}.Debug|Any CPU.Build.0 = Debug|Any CPU
		{C803831F-D4CE-4949-83CF-ACE75B57DBA6}.Release|Any CPU.ActiveCfg = Release|Any CPU
		{C803831F-D4CE-4949-83CF-ACE75B57DBA6}.Release|Any CPU.Build.0 = Release|Any CPU
		{342E5908-5478-409B-9676-178ED7B7A8BE}.Debug|Any CPU.ActiveCfg = Debug|Any CPU
		{342E5908-5478-409B-9676-178ED7B7A8BE}.Debug|Any CPU.Build.0 = Debug|Any CPU
		{342E5908-5478-409B-9676-178ED7B7A8BE}.Release|Any CPU.ActiveCfg = Release|Any CPU
		{342E5908-5478-409B-9676-178ED7B7A8BE}.Release|Any CPU.Build.0 = Release|Any CPU
		{17941A7A-B6FC-4716-ABDF-10983300CB1B}.Debug|Any CPU.ActiveCfg = Debug|Any CPU
		{17941A7A-B6FC-4716-ABDF-10983300CB1B}.Debug|Any CPU.Build.0 = Debug|Any CPU
		{17941A7A-B6FC-4716-ABDF-10983300CB1B}.Release|Any CPU.ActiveCfg = Release|Any CPU
		{17941A7A-B6FC-4716-ABDF-10983300CB1B}.Release|Any CPU.Build.0 = Release|Any CPU
		{87296137-11FD-4F3A-A33C-32BE730B743C}.Debug|Any CPU.ActiveCfg = Debug|Any CPU
		{87296137-11FD-4F3A-A33C-32BE730B743C}.Debug|Any CPU.Build.0 = Debug|Any CPU
		{87296137-11FD-4F3A-A33C-32BE730B743C}.Release|Any CPU.ActiveCfg = Release|Any CPU
		{87296137-11FD-4F3A-A33C-32BE730B743C}.Release|Any CPU.Build.0 = Release|Any CPU
		{87401C06-8EDC-4E49-ACDE-5D774D7E2D84}.Debug|Any CPU.ActiveCfg = Debug|Any CPU
		{87401C06-8EDC-4E49-ACDE-5D774D7E2D84}.Debug|Any CPU.Build.0 = Debug|Any CPU
		{87401C06-8EDC-4E49-ACDE-5D774D7E2D84}.Release|Any CPU.ActiveCfg = Release|Any CPU
		{87401C06-8EDC-4E49-ACDE-5D774D7E2D84}.Release|Any CPU.Build.0 = Release|Any CPU
		{1D8FD548-1CD5-4B29-B2E8-71E4C2D740EC}.Debug|Any CPU.ActiveCfg = Debug|Any CPU
		{1D8FD548-1CD5-4B29-B2E8-71E4C2D740EC}.Debug|Any CPU.Build.0 = Debug|Any CPU
		{1D8FD548-1CD5-4B29-B2E8-71E4C2D740EC}.Release|Any CPU.ActiveCfg = Release|Any CPU
		{1D8FD548-1CD5-4B29-B2E8-71E4C2D740EC}.Release|Any CPU.Build.0 = Release|Any CPU
	EndGlobalSection
	GlobalSection(SolutionProperties) = preSolution
		HideSolutionNode = FALSE
	EndGlobalSection
	GlobalSection(NestedProjects) = preSolution
		{6BA1EF29-5C72-4D5D-903C-7669F1D7108C} = {BD4967E4-8B3F-4AF0-A9CF-D2AF75961E8D}
		{11BA89C0-0380-4950-A13B-5E96B5C8F97E} = {B764ECBF-5CAF-463F-A1CA-248AE87A5713}
		{A1702A5B-7423-45A7-B663-C117119B4A74} = {B764ECBF-5CAF-463F-A1CA-248AE87A5713}
		{FEB41959-284B-4FAF-B283-65842EE99475} = {13B6B76C-BB76-4565-A0C1-3522A8F66D72}
		{57577AD4-F006-48CE-90EC-6C555A04B590} = {A688D535-DD43-46E8-89FA-8FD37471F7DD}
		{13B6B76C-BB76-4565-A0C1-3522A8F66D72} = {A688D535-DD43-46E8-89FA-8FD37471F7DD}
		{963FA778-813B-4503-ADA5-022CC255CC18} = {A688D535-DD43-46E8-89FA-8FD37471F7DD}
		{DC64B708-1D5B-4642-A0EF-B0C73BAA0D57} = {963FA778-813B-4503-ADA5-022CC255CC18}
		{D0801072-DB07-4800-A8F6-EF12033C5E3C} = {963FA778-813B-4503-ADA5-022CC255CC18}
		{C803831F-D4CE-4949-83CF-ACE75B57DBA6} = {963FA778-813B-4503-ADA5-022CC255CC18}
		{342E5908-5478-409B-9676-178ED7B7A8BE} = {CCF8D499-D9DC-4D55-BA17-72C390DBE6E3}
		{17941A7A-B6FC-4716-ABDF-10983300CB1B} = {CCF8D499-D9DC-4D55-BA17-72C390DBE6E3}
		{87296137-11FD-4F3A-A33C-32BE730B743C} = {021A57EF-AEC5-4313-BDC5-961D8116B764}
		{87401C06-8EDC-4E49-ACDE-5D774D7E2D84} = {0A67F207-440C-43BD-B240-46FDDFAE70E2}
		{1D8FD548-1CD5-4B29-B2E8-71E4C2D740EC} = {CCF8D499-D9DC-4D55-BA17-72C390DBE6E3}
		{CCF8D499-D9DC-4D55-BA17-72C390DBE6E3} = {0A67F207-440C-43BD-B240-46FDDFAE70E2}
		{021A57EF-AEC5-4313-BDC5-961D8116B764} = {0A67F207-440C-43BD-B240-46FDDFAE70E2}
	EndGlobalSection
	GlobalSection(ExtensibilityGlobals) = postSolution
		SolutionGuid = {C0B2DACF-D9B4-4358-AEC2-CCBC55A8C1C8}
	EndGlobalSection
EndGlobal
