
Microsoft Visual Studio Solution File, Format Version 12.00
# Visual Studio 15
VisualStudioVersion = 15.0.27428.2037
MinimumVisualStudioVersion = 10.0.40219.1
Project("{9A19103F-16F7-4668-BE54-9A1E7A4F7556}") = "Apollo.ASPNet.HelloWorld", "Apollo.ASPNet.HelloWorld\Apollo.ASPNet.HelloWorld.csproj", "{1CBC31E2-7200-4153-867F-DA5CE01CF2C7}"
EndProject
Global
	GlobalSection(SolutionConfigurationPlatforms) = preSolution
		Debug|Any CPU = Debug|Any CPU
		Release|Any CPU = Release|Any CPU
	EndGlobalSection
	GlobalSection(ProjectConfigurationPlatforms) = postSolution
		{1CBC31E2-7200-4153-867F-DA5CE01CF2C7}.Debug|Any CPU.ActiveCfg = Debug|Any CPU
		{1CBC31E2-7200-4153-867F-DA5CE01CF2C7}.Debug|Any CPU.Build.0 = Debug|Any CPU
		{1CBC31E2-7200-4153-867F-DA5CE01CF2C7}.Release|Any CPU.ActiveCfg = Release|Any CPU
		{1CBC31E2-7200-4153-867F-DA5CE01CF2C7}.Release|Any CPU.Build.0 = Release|Any CPU
	EndGlobalSection
	GlobalSection(SolutionProperties) = preSolution
		HideSolutionNode = FALSE
	EndGlobalSection
	GlobalSection(ExtensibilityGlobals) = postSolution
		SolutionGuid = {91E6A272-29C6-4BC3-A6DA-3D61A6BD2A04}
	EndGlobalSection
EndGlobal
