
Microsoft Visual Studio Solution File, Format Version 12.00
# Visual Studio 15
VisualStudioVersion = 15.0.27130.2010
MinimumVisualStudioVersion = 10.0.40219.1
Project("{2150E333-8FDC-42A3-9474-1A3956D46DE8}") = "DIOnRamp.Module1", "DIOnRamp.Module1", "{8CEAE5AD-F466-49BF-A338-46529685AA15}"
EndProject
Project("{2150E333-8FDC-42A3-9474-1A3956D46DE8}") = "PeopleViewer", "PeopleViewer", "{80E30EF4-1632-42A4-8446-50CF10FF0566}"
EndProject
Project("{2150E333-8FDC-42A3-9474-1A3956D46DE8}") = "DIOnRamp.Module2", "DIOnRamp.Module2", "{F3D9073D-0C8F-4F19-8D75-DEC8861E5242}"
EndProject
Project("{2150E333-8FDC-42A3-9474-1A3956D46DE8}") = "PeopleViewer", "PeopleViewer", "{01813A5C-F37D-4FD4-A9B4-2636628B0412}"
EndProject
Project("{2150E333-8FDC-42A3-9474-1A3956D46DE8}") = "DIOnRamp.Module3", "DIOnRamp.Module3", "{B87B16AB-D431-4012-8D9D-D807022FA8D3}"
EndProject
Project("{2150E333-8FDC-42A3-9474-1A3956D46DE8}") = "PeopleViewer", "PeopleViewer", "{0FABA938-E3E7-4814-91D9-6223061665D0}"
EndProject
Project("{FAE04EC0-301F-11D3-BF4B-00C04F79EFBC}") = "Apollo.DIOnRamp.Module3.PeopleViewer.WPF", "Apollo.DIOnRamp.Module3.PeopleViewer.WPF\Apollo.DIOnRamp.Module3.PeopleViewer.WPF.csproj", "{F6DA6925-9A7A-4F77-A3C7-1042B6C6EE03}"
	ProjectSection(ProjectDependencies) = postProject
		{35067EC1-E890-437E-8406-13AD1FC9E197} = {35067EC1-E890-437E-8406-13AD1FC9E197}
	EndProjectSection
EndProject
Project("{FAE04EC0-301F-11D3-BF4B-00C04F79EFBC}") = "Apollo.DIOnRamp.Module2.PeopleViewer.WPF", "Apollo.DIOnRamp.Module2.PeopleViewer.WPF\Apollo.DIOnRamp.Module2.PeopleViewer.WPF.csproj", "{E53E7A43-2608-460D-AE86-312DAF587C3C}"
	ProjectSection(ProjectDependencies) = postProject
		{35067EC1-E890-437E-8406-13AD1FC9E197} = {35067EC1-E890-437E-8406-13AD1FC9E197}
	EndProjectSection
EndProject
Project("{FAE04EC0-301F-11D3-BF4B-00C04F79EFBC}") = "Apollo.DIOnRamp.Module1.PeopleViewer.WPF", "Apollo.DIOnRamp.Module1.PeopleViewer.WPF\Apollo.DIOnRamp.Module1.PeopleViewer.WPF.csproj", "{87401C06-8EDC-4E49-ACDE-5D774D7E2D84}"
	ProjectSection(ProjectDependencies) = postProject
		{35067EC1-E890-437E-8406-13AD1FC9E197} = {35067EC1-E890-437E-8406-13AD1FC9E197}
	EndProjectSection
EndProject
Project("{2150E333-8FDC-42A3-9474-1A3956D46DE8}") = "Services", "Services", "{7D2857E4-8952-4778-82E7-A4532666E85B}"
EndProject
Project("{2150E333-8FDC-42A3-9474-1A3956D46DE8}") = "Shared", "Shared", "{AA177956-BFF2-4F8E-A1FC-AB5030A41668}"
EndProject
Project("{FAE04EC0-301F-11D3-BF4B-00C04F79EFBC}") = "Apollo.DIOnRamp.People.SVC", "Apollo.DIOnRamp.People.SVC\Apollo.DIOnRamp.People.SVC.csproj", "{35067EC1-E890-437E-8406-13AD1FC9E197}"
EndProject
Project("{FAE04EC0-301F-11D3-BF4B-00C04F79EFBC}") = "Apollo.DIOnRamp.Shared", "Apollo.DIOnRamp.Shared\Apollo.DIOnRamp.Shared.csproj", "{C06027C6-0AD9-42A2-9EF5-344F022479BC}"
EndProject
Global
	GlobalSection(SolutionConfigurationPlatforms) = preSolution
		Debug|Any CPU = Debug|Any CPU
		Release|Any CPU = Release|Any CPU
	EndGlobalSection
	GlobalSection(ProjectConfigurationPlatforms) = postSolution
		{F6DA6925-9A7A-4F77-A3C7-1042B6C6EE03}.Debug|Any CPU.ActiveCfg = Debug|Any CPU
		{F6DA6925-9A7A-4F77-A3C7-1042B6C6EE03}.Debug|Any CPU.Build.0 = Debug|Any CPU
		{F6DA6925-9A7A-4F77-A3C7-1042B6C6EE03}.Release|Any CPU.ActiveCfg = Release|Any CPU
		{F6DA6925-9A7A-4F77-A3C7-1042B6C6EE03}.Release|Any CPU.Build.0 = Release|Any CPU
		{E53E7A43-2608-460D-AE86-312DAF587C3C}.Debug|Any CPU.ActiveCfg = Debug|Any CPU
		{E53E7A43-2608-460D-AE86-312DAF587C3C}.Debug|Any CPU.Build.0 = Debug|Any CPU
		{E53E7A43-2608-460D-AE86-312DAF587C3C}.Release|Any CPU.ActiveCfg = Release|Any CPU
		{E53E7A43-2608-460D-AE86-312DAF587C3C}.Release|Any CPU.Build.0 = Release|Any CPU
		{87401C06-8EDC-4E49-ACDE-5D774D7E2D84}.Debug|Any CPU.ActiveCfg = Debug|Any CPU
		{87401C06-8EDC-4E49-ACDE-5D774D7E2D84}.Debug|Any CPU.Build.0 = Debug|Any CPU
		{87401C06-8EDC-4E49-ACDE-5D774D7E2D84}.Release|Any CPU.ActiveCfg = Release|Any CPU
		{87401C06-8EDC-4E49-ACDE-5D774D7E2D84}.Release|Any CPU.Build.0 = Release|Any CPU
		{35067EC1-E890-437E-8406-13AD1FC9E197}.Debug|Any CPU.ActiveCfg = Debug|Any CPU
		{35067EC1-E890-437E-8406-13AD1FC9E197}.Debug|Any CPU.Build.0 = Debug|Any CPU
		{35067EC1-E890-437E-8406-13AD1FC9E197}.Release|Any CPU.ActiveCfg = Release|Any CPU
		{35067EC1-E890-437E-8406-13AD1FC9E197}.Release|Any CPU.Build.0 = Release|Any CPU
		{C06027C6-0AD9-42A2-9EF5-344F022479BC}.Debug|Any CPU.ActiveCfg = Debug|Any CPU
		{C06027C6-0AD9-42A2-9EF5-344F022479BC}.Debug|Any CPU.Build.0 = Debug|Any CPU
		{C06027C6-0AD9-42A2-9EF5-344F022479BC}.Release|Any CPU.ActiveCfg = Release|Any CPU
		{C06027C6-0AD9-42A2-9EF5-344F022479BC}.Release|Any CPU.Build.0 = Release|Any CPU
	EndGlobalSection
	GlobalSection(SolutionProperties) = preSolution
		HideSolutionNode = FALSE
	EndGlobalSection
	GlobalSection(NestedProjects) = preSolution
		{80E30EF4-1632-42A4-8446-50CF10FF0566} = {8CEAE5AD-F466-49BF-A338-46529685AA15}
		{01813A5C-F37D-4FD4-A9B4-2636628B0412} = {F3D9073D-0C8F-4F19-8D75-DEC8861E5242}
		{0FABA938-E3E7-4814-91D9-6223061665D0} = {B87B16AB-D431-4012-8D9D-D807022FA8D3}
		{F6DA6925-9A7A-4F77-A3C7-1042B6C6EE03} = {0FABA938-E3E7-4814-91D9-6223061665D0}
		{E53E7A43-2608-460D-AE86-312DAF587C3C} = {01813A5C-F37D-4FD4-A9B4-2636628B0412}
		{87401C06-8EDC-4E49-ACDE-5D774D7E2D84} = {80E30EF4-1632-42A4-8446-50CF10FF0566}
		{35067EC1-E890-437E-8406-13AD1FC9E197} = {7D2857E4-8952-4778-82E7-A4532666E85B}
		{C06027C6-0AD9-42A2-9EF5-344F022479BC} = {AA177956-BFF2-4F8E-A1FC-AB5030A41668}
	EndGlobalSection
	GlobalSection(ExtensibilityGlobals) = postSolution
		SolutionGuid = {C0B2DACF-D9B4-4358-AEC2-CCBC55A8C1C8}
	EndGlobalSection
EndGlobal
