
Microsoft Visual Studio Solution File, Format Version 12.00
# Visual Studio 15
VisualStudioVersion = 15.0.27130.2010
MinimumVisualStudioVersion = 10.0.40219.1
Project("{2150E333-8FDC-42A3-9474-1A3956D46DE8}") = "DIOnRamp.Module1", "DIOnRamp.Module1", "{8CEAE5AD-F466-49BF-A338-46529685AA15}"
EndProject
Project("{2150E333-8FDC-42A3-9474-1A3956D46DE8}") = "PeopleViewer", "PeopleViewer", "{80E30EF4-1632-42A4-8446-50CF10FF0566}"
EndProject
Project("{FAE04EC0-301F-11D3-BF4B-00C04F79EFBC}") = "Apollo.DIOnRamp.Module1.PeopleViewer.WPF", "Apollo.DIOnRamp.Module1.PeopleViewer.WPF\Apollo.DIOnRamp.Module1.PeopleViewer.WPF.csproj", "{87401C06-8EDC-4E49-ACDE-5D774D7E2D84}"
	ProjectSection(ProjectDependencies) = postProject
		{87296137-11FD-4F3A-A33C-32BE730B743C} = {87296137-11FD-4F3A-A33C-32BE730B743C}
	EndProjectSection
EndProject
Project("{2150E333-8FDC-42A3-9474-1A3956D46DE8}") = "Services", "Services", "{054EDC9B-C960-492D-B477-0D77851D4929}"
EndProject
Project("{FAE04EC0-301F-11D3-BF4B-00C04F79EFBC}") = "Apollo.DIOnRamp.Module1.People.SVC", "Apollo.DIOnRamp.Module1.People.SVC\Apollo.DIOnRamp.Module1.People.SVC.csproj", "{87296137-11FD-4F3A-A33C-32BE730B743C}"
EndProject
Project("{2150E333-8FDC-42A3-9474-1A3956D46DE8}") = "Shared", "Shared", "{61CD96FB-1CCC-4F9A-BE3B-86AE65F17AB6}"
EndProject
Project("{FAE04EC0-301F-11D3-BF4B-00C04F79EFBC}") = "Apollo.DIOnRamp.Module1.Shared", "Apollo.DIOnRamp.Module1.Shared\Apollo.DIOnRamp.Module1.Shared.csproj", "{1CBD4D86-4235-47C1-B5CB-19CC04C6ADB3}"
EndProject
Project("{2150E333-8FDC-42A3-9474-1A3956D46DE8}") = "DIOnRamp.Module2", "DIOnRamp.Module2", "{F3D9073D-0C8F-4F19-8D75-DEC8861E5242}"
EndProject
Project("{2150E333-8FDC-42A3-9474-1A3956D46DE8}") = "PeopleViewer", "PeopleViewer", "{01813A5C-F37D-4FD4-A9B4-2636628B0412}"
EndProject
Project("{2150E333-8FDC-42A3-9474-1A3956D46DE8}") = "Services", "Services", "{1E33BF76-049A-41DE-AC5C-251476547898}"
EndProject
Project("{2150E333-8FDC-42A3-9474-1A3956D46DE8}") = "Shared", "Shared", "{5D6AAC1F-5E7A-4613-B9AF-BF666ECAC4F4}"
EndProject
Project("{FAE04EC0-301F-11D3-BF4B-00C04F79EFBC}") = "Apollo.DIOnRamp.Module2.PeopleViewer.WPF", "Apollo.DIOnRamp.Module2.PeopleViewer.WPF\Apollo.DIOnRamp.Module2.PeopleViewer.WPF.csproj", "{E53E7A43-2608-460D-AE86-312DAF587C3C}"
EndProject
Project("{FAE04EC0-301F-11D3-BF4B-00C04F79EFBC}") = "Apollo.DIOnRamp.Module2.People.SVC", "Apollo.DIOnRamp.Module2.People.SVC\Apollo.DIOnRamp.Module2.People.SVC.csproj", "{3E4D8C08-988F-4786-B8AD-752C2171C7D3}"
EndProject
Project("{FAE04EC0-301F-11D3-BF4B-00C04F79EFBC}") = "Apollo.DIOnRamp.Module2.Shared", "Apollo.DIOnRamp.Module2.Shared\Apollo.DIOnRamp.Module2.Shared.csproj", "{89612DB1-5AEF-40F6-91FF-2293C1B6A9BF}"
EndProject
Global
	GlobalSection(SolutionConfigurationPlatforms) = preSolution
		Debug|Any CPU = Debug|Any CPU
		Release|Any CPU = Release|Any CPU
	EndGlobalSection
	GlobalSection(ProjectConfigurationPlatforms) = postSolution
		{87401C06-8EDC-4E49-ACDE-5D774D7E2D84}.Debug|Any CPU.ActiveCfg = Debug|Any CPU
		{87401C06-8EDC-4E49-ACDE-5D774D7E2D84}.Debug|Any CPU.Build.0 = Debug|Any CPU
		{87401C06-8EDC-4E49-ACDE-5D774D7E2D84}.Release|Any CPU.ActiveCfg = Release|Any CPU
		{87401C06-8EDC-4E49-ACDE-5D774D7E2D84}.Release|Any CPU.Build.0 = Release|Any CPU
		{87296137-11FD-4F3A-A33C-32BE730B743C}.Debug|Any CPU.ActiveCfg = Debug|Any CPU
		{87296137-11FD-4F3A-A33C-32BE730B743C}.Debug|Any CPU.Build.0 = Debug|Any CPU
		{87296137-11FD-4F3A-A33C-32BE730B743C}.Release|Any CPU.ActiveCfg = Release|Any CPU
		{87296137-11FD-4F3A-A33C-32BE730B743C}.Release|Any CPU.Build.0 = Release|Any CPU
		{1CBD4D86-4235-47C1-B5CB-19CC04C6ADB3}.Debug|Any CPU.ActiveCfg = Debug|Any CPU
		{1CBD4D86-4235-47C1-B5CB-19CC04C6ADB3}.Debug|Any CPU.Build.0 = Debug|Any CPU
		{1CBD4D86-4235-47C1-B5CB-19CC04C6ADB3}.Release|Any CPU.ActiveCfg = Release|Any CPU
		{1CBD4D86-4235-47C1-B5CB-19CC04C6ADB3}.Release|Any CPU.Build.0 = Release|Any CPU
		{E53E7A43-2608-460D-AE86-312DAF587C3C}.Debug|Any CPU.ActiveCfg = Debug|Any CPU
		{E53E7A43-2608-460D-AE86-312DAF587C3C}.Debug|Any CPU.Build.0 = Debug|Any CPU
		{E53E7A43-2608-460D-AE86-312DAF587C3C}.Release|Any CPU.ActiveCfg = Release|Any CPU
		{E53E7A43-2608-460D-AE86-312DAF587C3C}.Release|Any CPU.Build.0 = Release|Any CPU
		{3E4D8C08-988F-4786-B8AD-752C2171C7D3}.Debug|Any CPU.ActiveCfg = Debug|Any CPU
		{3E4D8C08-988F-4786-B8AD-752C2171C7D3}.Debug|Any CPU.Build.0 = Debug|Any CPU
		{3E4D8C08-988F-4786-B8AD-752C2171C7D3}.Release|Any CPU.ActiveCfg = Release|Any CPU
		{3E4D8C08-988F-4786-B8AD-752C2171C7D3}.Release|Any CPU.Build.0 = Release|Any CPU
		{89612DB1-5AEF-40F6-91FF-2293C1B6A9BF}.Debug|Any CPU.ActiveCfg = Debug|Any CPU
		{89612DB1-5AEF-40F6-91FF-2293C1B6A9BF}.Debug|Any CPU.Build.0 = Debug|Any CPU
		{89612DB1-5AEF-40F6-91FF-2293C1B6A9BF}.Release|Any CPU.ActiveCfg = Release|Any CPU
		{89612DB1-5AEF-40F6-91FF-2293C1B6A9BF}.Release|Any CPU.Build.0 = Release|Any CPU
	EndGlobalSection
	GlobalSection(SolutionProperties) = preSolution
		HideSolutionNode = FALSE
	EndGlobalSection
	GlobalSection(NestedProjects) = preSolution
		{80E30EF4-1632-42A4-8446-50CF10FF0566} = {8CEAE5AD-F466-49BF-A338-46529685AA15}
		{87401C06-8EDC-4E49-ACDE-5D774D7E2D84} = {80E30EF4-1632-42A4-8446-50CF10FF0566}
		{054EDC9B-C960-492D-B477-0D77851D4929} = {8CEAE5AD-F466-49BF-A338-46529685AA15}
		{87296137-11FD-4F3A-A33C-32BE730B743C} = {054EDC9B-C960-492D-B477-0D77851D4929}
		{61CD96FB-1CCC-4F9A-BE3B-86AE65F17AB6} = {8CEAE5AD-F466-49BF-A338-46529685AA15}
		{1CBD4D86-4235-47C1-B5CB-19CC04C6ADB3} = {61CD96FB-1CCC-4F9A-BE3B-86AE65F17AB6}
		{01813A5C-F37D-4FD4-A9B4-2636628B0412} = {F3D9073D-0C8F-4F19-8D75-DEC8861E5242}
		{1E33BF76-049A-41DE-AC5C-251476547898} = {F3D9073D-0C8F-4F19-8D75-DEC8861E5242}
		{5D6AAC1F-5E7A-4613-B9AF-BF666ECAC4F4} = {F3D9073D-0C8F-4F19-8D75-DEC8861E5242}
		{E53E7A43-2608-460D-AE86-312DAF587C3C} = {01813A5C-F37D-4FD4-A9B4-2636628B0412}
		{3E4D8C08-988F-4786-B8AD-752C2171C7D3} = {1E33BF76-049A-41DE-AC5C-251476547898}
		{89612DB1-5AEF-40F6-91FF-2293C1B6A9BF} = {5D6AAC1F-5E7A-4613-B9AF-BF666ECAC4F4}
	EndGlobalSection
	GlobalSection(ExtensibilityGlobals) = postSolution
		SolutionGuid = {C0B2DACF-D9B4-4358-AEC2-CCBC55A8C1C8}
	EndGlobalSection
EndGlobal
