
Microsoft Visual Studio Solution File, Format Version 12.00
# Visual Studio 15
VisualStudioVersion = 15.0.27130.2010
MinimumVisualStudioVersion = 10.0.40219.1
Project("{2150E333-8FDC-42A3-9474-1A3956D46DE8}") = "DIOnRamp.Module1", "DIOnRamp.Module1", "{8CEAE5AD-F466-49BF-A338-46529685AA15}"
EndProject
Project("{2150E333-8FDC-42A3-9474-1A3956D46DE8}") = "PeopleViewer", "PeopleViewer", "{80E30EF4-1632-42A4-8446-50CF10FF0566}"
EndProject
Project("{2150E333-8FDC-42A3-9474-1A3956D46DE8}") = "Services", "Services", "{054EDC9B-C960-492D-B477-0D77851D4929}"
EndProject
Project("{2150E333-8FDC-42A3-9474-1A3956D46DE8}") = "Shared", "Shared", "{61CD96FB-1CCC-4F9A-BE3B-86AE65F17AB6}"
EndProject
Project("{2150E333-8FDC-42A3-9474-1A3956D46DE8}") = "DIOnRamp.Module2", "DIOnRamp.Module2", "{F3D9073D-0C8F-4F19-8D75-DEC8861E5242}"
EndProject
Project("{2150E333-8FDC-42A3-9474-1A3956D46DE8}") = "PeopleViewer", "PeopleViewer", "{01813A5C-F37D-4FD4-A9B4-2636628B0412}"
EndProject
Project("{2150E333-8FDC-42A3-9474-1A3956D46DE8}") = "Services", "Services", "{1E33BF76-049A-41DE-AC5C-251476547898}"
EndProject
Project("{2150E333-8FDC-42A3-9474-1A3956D46DE8}") = "Shared", "Shared", "{5D6AAC1F-5E7A-4613-B9AF-BF666ECAC4F4}"
EndProject
Project("{2150E333-8FDC-42A3-9474-1A3956D46DE8}") = "DIOnRamp.Module3", "DIOnRamp.Module3", "{B87B16AB-D431-4012-8D9D-D807022FA8D3}"
EndProject
Project("{2150E333-8FDC-42A3-9474-1A3956D46DE8}") = "PeopleViewer", "PeopleViewer", "{0FABA938-E3E7-4814-91D9-6223061665D0}"
EndProject
Project("{2150E333-8FDC-42A3-9474-1A3956D46DE8}") = "Services", "Services", "{9EBCD2FB-4824-461F-91B7-DCBF27F9C5E8}"
EndProject
Project("{2150E333-8FDC-42A3-9474-1A3956D46DE8}") = "Shared", "Shared", "{35F569DA-6C7E-4F0B-B455-03AC0025643E}"
EndProject
Project("{FAE04EC0-301F-11D3-BF4B-00C04F79EFBC}") = "Apollo.DIOnRamp.Module3.PeopleViewer.WPF", "Apollo.DIOnRamp.Module3.PeopleViewer.WPF\Apollo.DIOnRamp.Module3.PeopleViewer.WPF.csproj", "{F6DA6925-9A7A-4F77-A3C7-1042B6C6EE03}"
	ProjectSection(ProjectDependencies) = postProject
		{107B3A9C-E7A5-4642-9124-088A0DBEE153} = {107B3A9C-E7A5-4642-9124-088A0DBEE153}
	EndProjectSection
EndProject
Project("{FAE04EC0-301F-11D3-BF4B-00C04F79EFBC}") = "Apollo.DIOnRamp.Module3.People.SVC", "Apollo.DIOnRamp.Module3.People.SVC\Apollo.DIOnRamp.Module3.People.SVC.csproj", "{107B3A9C-E7A5-4642-9124-088A0DBEE153}"
EndProject
Project("{FAE04EC0-301F-11D3-BF4B-00C04F79EFBC}") = "Apollo.DIOnRamp.Module3.Shared", "Apollo.DIOnRamp.Module3.Shared\Apollo.DIOnRamp.Module3.Shared.csproj", "{AF7DDF46-3B65-4589-AE57-44B69C061557}"
EndProject
Project("{FAE04EC0-301F-11D3-BF4B-00C04F79EFBC}") = "Apollo.DIOnRamp.Module2.People.SVC", "Apollo.DIOnRamp.Module2.People.SVC\Apollo.DIOnRamp.Module2.People.SVC.csproj", "{3E4D8C08-988F-4786-B8AD-752C2171C7D3}"
EndProject
Project("{FAE04EC0-301F-11D3-BF4B-00C04F79EFBC}") = "Apollo.DIOnRamp.Module2.Shared", "Apollo.DIOnRamp.Module2.Shared\Apollo.DIOnRamp.Module2.Shared.csproj", "{89612DB1-5AEF-40F6-91FF-2293C1B6A9BF}"
EndProject
Project("{FAE04EC0-301F-11D3-BF4B-00C04F79EFBC}") = "Apollo.DIOnRamp.Module2.PeopleViewer.WPF", "Apollo.DIOnRamp.Module2.PeopleViewer.WPF\Apollo.DIOnRamp.Module2.PeopleViewer.WPF.csproj", "{E53E7A43-2608-460D-AE86-312DAF587C3C}"
	ProjectSection(ProjectDependencies) = postProject
		{3E4D8C08-988F-4786-B8AD-752C2171C7D3} = {3E4D8C08-988F-4786-B8AD-752C2171C7D3}
	EndProjectSection
EndProject
Project("{FAE04EC0-301F-11D3-BF4B-00C04F79EFBC}") = "Apollo.DIOnRamp.Module1.PeopleViewer.WPF", "Apollo.DIOnRamp.Module1.PeopleViewer.WPF\Apollo.DIOnRamp.Module1.PeopleViewer.WPF.csproj", "{87401C06-8EDC-4E49-ACDE-5D774D7E2D84}"
EndProject
Project("{FAE04EC0-301F-11D3-BF4B-00C04F79EFBC}") = "Apollo.DIOnRamp.Module1.Shared", "Apollo.DIOnRamp.Module1.Shared\Apollo.DIOnRamp.Module1.Shared.csproj", "{1CBD4D86-4235-47C1-B5CB-19CC04C6ADB3}"
EndProject
Project("{FAE04EC0-301F-11D3-BF4B-00C04F79EFBC}") = "Apollo.DIOnRamp.Module1.People.SVC", "Apollo.DIOnRamp.Module1.People.SVC\Apollo.DIOnRamp.Module1.People.SVC.csproj", "{C082B060-60D0-4050-8133-66D449CF9EC4}"
EndProject
Project("{FAE04EC0-301F-11D3-BF4B-00C04F79EFBC}") = "WpfApp1", "WpfApp1\WpfApp1.csproj", "{B62A5AE8-81BD-476C-808B-DE0FC1DB6F4E}"
EndProject
Global
	GlobalSection(SolutionConfigurationPlatforms) = preSolution
		Debug|Any CPU = Debug|Any CPU
		Release|Any CPU = Release|Any CPU
	EndGlobalSection
	GlobalSection(ProjectConfigurationPlatforms) = postSolution
		{F6DA6925-9A7A-4F77-A3C7-1042B6C6EE03}.Debug|Any CPU.ActiveCfg = Debug|Any CPU
		{F6DA6925-9A7A-4F77-A3C7-1042B6C6EE03}.Debug|Any CPU.Build.0 = Debug|Any CPU
		{F6DA6925-9A7A-4F77-A3C7-1042B6C6EE03}.Release|Any CPU.ActiveCfg = Release|Any CPU
		{F6DA6925-9A7A-4F77-A3C7-1042B6C6EE03}.Release|Any CPU.Build.0 = Release|Any CPU
		{107B3A9C-E7A5-4642-9124-088A0DBEE153}.Debug|Any CPU.ActiveCfg = Debug|Any CPU
		{107B3A9C-E7A5-4642-9124-088A0DBEE153}.Debug|Any CPU.Build.0 = Debug|Any CPU
		{107B3A9C-E7A5-4642-9124-088A0DBEE153}.Release|Any CPU.ActiveCfg = Release|Any CPU
		{107B3A9C-E7A5-4642-9124-088A0DBEE153}.Release|Any CPU.Build.0 = Release|Any CPU
		{AF7DDF46-3B65-4589-AE57-44B69C061557}.Debug|Any CPU.ActiveCfg = Debug|Any CPU
		{AF7DDF46-3B65-4589-AE57-44B69C061557}.Debug|Any CPU.Build.0 = Debug|Any CPU
		{AF7DDF46-3B65-4589-AE57-44B69C061557}.Release|Any CPU.ActiveCfg = Release|Any CPU
		{AF7DDF46-3B65-4589-AE57-44B69C061557}.Release|Any CPU.Build.0 = Release|Any CPU
		{3E4D8C08-988F-4786-B8AD-752C2171C7D3}.Debug|Any CPU.ActiveCfg = Debug|Any CPU
		{3E4D8C08-988F-4786-B8AD-752C2171C7D3}.Debug|Any CPU.Build.0 = Debug|Any CPU
		{3E4D8C08-988F-4786-B8AD-752C2171C7D3}.Release|Any CPU.ActiveCfg = Release|Any CPU
		{3E4D8C08-988F-4786-B8AD-752C2171C7D3}.Release|Any CPU.Build.0 = Release|Any CPU
		{89612DB1-5AEF-40F6-91FF-2293C1B6A9BF}.Debug|Any CPU.ActiveCfg = Debug|Any CPU
		{89612DB1-5AEF-40F6-91FF-2293C1B6A9BF}.Debug|Any CPU.Build.0 = Debug|Any CPU
		{89612DB1-5AEF-40F6-91FF-2293C1B6A9BF}.Release|Any CPU.ActiveCfg = Release|Any CPU
		{89612DB1-5AEF-40F6-91FF-2293C1B6A9BF}.Release|Any CPU.Build.0 = Release|Any CPU
		{E53E7A43-2608-460D-AE86-312DAF587C3C}.Debug|Any CPU.ActiveCfg = Debug|Any CPU
		{E53E7A43-2608-460D-AE86-312DAF587C3C}.Debug|Any CPU.Build.0 = Debug|Any CPU
		{E53E7A43-2608-460D-AE86-312DAF587C3C}.Release|Any CPU.ActiveCfg = Release|Any CPU
		{E53E7A43-2608-460D-AE86-312DAF587C3C}.Release|Any CPU.Build.0 = Release|Any CPU
		{87401C06-8EDC-4E49-ACDE-5D774D7E2D84}.Debug|Any CPU.ActiveCfg = Debug|Any CPU
		{87401C06-8EDC-4E49-ACDE-5D774D7E2D84}.Debug|Any CPU.Build.0 = Debug|Any CPU
		{87401C06-8EDC-4E49-ACDE-5D774D7E2D84}.Release|Any CPU.ActiveCfg = Release|Any CPU
		{87401C06-8EDC-4E49-ACDE-5D774D7E2D84}.Release|Any CPU.Build.0 = Release|Any CPU
		{1CBD4D86-4235-47C1-B5CB-19CC04C6ADB3}.Debug|Any CPU.ActiveCfg = Debug|Any CPU
		{1CBD4D86-4235-47C1-B5CB-19CC04C6ADB3}.Debug|Any CPU.Build.0 = Debug|Any CPU
		{1CBD4D86-4235-47C1-B5CB-19CC04C6ADB3}.Release|Any CPU.ActiveCfg = Release|Any CPU
		{1CBD4D86-4235-47C1-B5CB-19CC04C6ADB3}.Release|Any CPU.Build.0 = Release|Any CPU
		{C082B060-60D0-4050-8133-66D449CF9EC4}.Debug|Any CPU.ActiveCfg = Debug|Any CPU
		{C082B060-60D0-4050-8133-66D449CF9EC4}.Debug|Any CPU.Build.0 = Debug|Any CPU
		{C082B060-60D0-4050-8133-66D449CF9EC4}.Release|Any CPU.ActiveCfg = Release|Any CPU
		{C082B060-60D0-4050-8133-66D449CF9EC4}.Release|Any CPU.Build.0 = Release|Any CPU
		{B62A5AE8-81BD-476C-808B-DE0FC1DB6F4E}.Debug|Any CPU.ActiveCfg = Debug|Any CPU
		{B62A5AE8-81BD-476C-808B-DE0FC1DB6F4E}.Debug|Any CPU.Build.0 = Debug|Any CPU
		{B62A5AE8-81BD-476C-808B-DE0FC1DB6F4E}.Release|Any CPU.ActiveCfg = Release|Any CPU
		{B62A5AE8-81BD-476C-808B-DE0FC1DB6F4E}.Release|Any CPU.Build.0 = Release|Any CPU
	EndGlobalSection
	GlobalSection(SolutionProperties) = preSolution
		HideSolutionNode = FALSE
	EndGlobalSection
	GlobalSection(NestedProjects) = preSolution
		{80E30EF4-1632-42A4-8446-50CF10FF0566} = {8CEAE5AD-F466-49BF-A338-46529685AA15}
		{054EDC9B-C960-492D-B477-0D77851D4929} = {8CEAE5AD-F466-49BF-A338-46529685AA15}
		{61CD96FB-1CCC-4F9A-BE3B-86AE65F17AB6} = {8CEAE5AD-F466-49BF-A338-46529685AA15}
		{01813A5C-F37D-4FD4-A9B4-2636628B0412} = {F3D9073D-0C8F-4F19-8D75-DEC8861E5242}
		{1E33BF76-049A-41DE-AC5C-251476547898} = {F3D9073D-0C8F-4F19-8D75-DEC8861E5242}
		{5D6AAC1F-5E7A-4613-B9AF-BF666ECAC4F4} = {F3D9073D-0C8F-4F19-8D75-DEC8861E5242}
		{0FABA938-E3E7-4814-91D9-6223061665D0} = {B87B16AB-D431-4012-8D9D-D807022FA8D3}
		{9EBCD2FB-4824-461F-91B7-DCBF27F9C5E8} = {B87B16AB-D431-4012-8D9D-D807022FA8D3}
		{35F569DA-6C7E-4F0B-B455-03AC0025643E} = {B87B16AB-D431-4012-8D9D-D807022FA8D3}
		{F6DA6925-9A7A-4F77-A3C7-1042B6C6EE03} = {0FABA938-E3E7-4814-91D9-6223061665D0}
		{107B3A9C-E7A5-4642-9124-088A0DBEE153} = {9EBCD2FB-4824-461F-91B7-DCBF27F9C5E8}
		{AF7DDF46-3B65-4589-AE57-44B69C061557} = {35F569DA-6C7E-4F0B-B455-03AC0025643E}
		{3E4D8C08-988F-4786-B8AD-752C2171C7D3} = {1E33BF76-049A-41DE-AC5C-251476547898}
		{89612DB1-5AEF-40F6-91FF-2293C1B6A9BF} = {5D6AAC1F-5E7A-4613-B9AF-BF666ECAC4F4}
		{E53E7A43-2608-460D-AE86-312DAF587C3C} = {01813A5C-F37D-4FD4-A9B4-2636628B0412}
		{87401C06-8EDC-4E49-ACDE-5D774D7E2D84} = {80E30EF4-1632-42A4-8446-50CF10FF0566}
		{1CBD4D86-4235-47C1-B5CB-19CC04C6ADB3} = {61CD96FB-1CCC-4F9A-BE3B-86AE65F17AB6}
		{C082B060-60D0-4050-8133-66D449CF9EC4} = {054EDC9B-C960-492D-B477-0D77851D4929}
		{B62A5AE8-81BD-476C-808B-DE0FC1DB6F4E} = {8CEAE5AD-F466-49BF-A338-46529685AA15}
	EndGlobalSection
	GlobalSection(ExtensibilityGlobals) = postSolution
		SolutionGuid = {C0B2DACF-D9B4-4358-AEC2-CCBC55A8C1C8}
	EndGlobalSection
EndGlobal
