
Microsoft Visual Studio Solution File, Format Version 12.00
# Visual Studio 15
VisualStudioVersion = 15.0.27703.2018
MinimumVisualStudioVersion = 10.0.40219.1
Project("{9A19103F-16F7-4668-BE54-9A1E7A4F7556}") = "Apollo.EFCore.Module5.UI", "Apollo.EFCore.Module5.UI\Apollo.EFCore.Module5.UI.csproj", "{0A8BBD2D-384C-4931-86B3-7BB28493C1CD}"
EndProject
Project("{9A19103F-16F7-4668-BE54-9A1E7A4F7556}") = "Apollo.EFCore.EF", "Apollo.EFCore.Shared.Models\Apollo.EFCore.EF.csproj", "{42C1BB37-5E38-4642-97ED-B406CEC2155E}"
EndProject
Project("{9A19103F-16F7-4668-BE54-9A1E7A4F7556}") = "Apollo.EFCore.Module5.Bootstrapper", "Apollo.EFCore.Module5.Bootstrapper\Apollo.EFCore.Module5.Bootstrapper.csproj", "{3C70C187-782B-4E05-A505-7B25386F433A}"
EndProject
Project("{FAE04EC0-301F-11D3-BF4B-00C04F79EFBC}") = "Apollo.EFCore.Shared", "Apollo.EFCore.Shared\Apollo.EFCore.Shared.csproj", "{B6A58518-36F3-4A4B-A506-3F1E60BEC40E}"
EndProject
Global
	GlobalSection(SolutionConfigurationPlatforms) = preSolution
		Debug|Any CPU = Debug|Any CPU
		Release|Any CPU = Release|Any CPU
	EndGlobalSection
	GlobalSection(ProjectConfigurationPlatforms) = postSolution
		{0A8BBD2D-384C-4931-86B3-7BB28493C1CD}.Debug|Any CPU.ActiveCfg = Debug|Any CPU
		{0A8BBD2D-384C-4931-86B3-7BB28493C1CD}.Debug|Any CPU.Build.0 = Debug|Any CPU
		{0A8BBD2D-384C-4931-86B3-7BB28493C1CD}.Release|Any CPU.ActiveCfg = Release|Any CPU
		{0A8BBD2D-384C-4931-86B3-7BB28493C1CD}.Release|Any CPU.Build.0 = Release|Any CPU
		{42C1BB37-5E38-4642-97ED-B406CEC2155E}.Debug|Any CPU.ActiveCfg = Debug|Any CPU
		{42C1BB37-5E38-4642-97ED-B406CEC2155E}.Debug|Any CPU.Build.0 = Debug|Any CPU
		{42C1BB37-5E38-4642-97ED-B406CEC2155E}.Release|Any CPU.ActiveCfg = Release|Any CPU
		{42C1BB37-5E38-4642-97ED-B406CEC2155E}.Release|Any CPU.Build.0 = Release|Any CPU
		{3C70C187-782B-4E05-A505-7B25386F433A}.Debug|Any CPU.ActiveCfg = Debug|Any CPU
		{3C70C187-782B-4E05-A505-7B25386F433A}.Debug|Any CPU.Build.0 = Debug|Any CPU
		{3C70C187-782B-4E05-A505-7B25386F433A}.Release|Any CPU.ActiveCfg = Release|Any CPU
		{3C70C187-782B-4E05-A505-7B25386F433A}.Release|Any CPU.Build.0 = Release|Any CPU
		{B6A58518-36F3-4A4B-A506-3F1E60BEC40E}.Debug|Any CPU.ActiveCfg = Debug|Any CPU
		{B6A58518-36F3-4A4B-A506-3F1E60BEC40E}.Debug|Any CPU.Build.0 = Debug|Any CPU
		{B6A58518-36F3-4A4B-A506-3F1E60BEC40E}.Release|Any CPU.ActiveCfg = Release|Any CPU
		{B6A58518-36F3-4A4B-A506-3F1E60BEC40E}.Release|Any CPU.Build.0 = Release|Any CPU
	EndGlobalSection
	GlobalSection(SolutionProperties) = preSolution
		HideSolutionNode = FALSE
	EndGlobalSection
	GlobalSection(ExtensibilityGlobals) = postSolution
		SolutionGuid = {D643175E-D9AF-4675-AD6B-413B58A9B7FF}
	EndGlobalSection
EndGlobal
