
Microsoft Visual Studio Solution File, Format Version 12.00
# Visual Studio 15
VisualStudioVersion = 15.0.27703.2018
MinimumVisualStudioVersion = 10.0.40219.1
Project("{2150E333-8FDC-42A3-9474-1A3956D46DE8}") = "Module2", "Module2", "{E9AF875C-84D8-4AE3-A470-5ECF8EE5D91B}"
EndProject
Project("{9A19103F-16F7-4668-BE54-9A1E7A4F7556}") = "Apollo.ASPNetCore.Module2.Greeter", "Apollo.ASPNetCore.Module2.Greeter\Apollo.ASPNetCore.Module2.Greeter.csproj", "{535E1547-D0A6-4418-BAAB-467EBD260E2A}"
EndProject
Project("{2150E333-8FDC-42A3-9474-1A3956D46DE8}") = "Module4", "Module4", "{658E6439-C27E-4BF1-B245-BCD430674113}"
EndProject
Project("{2150E333-8FDC-42A3-9474-1A3956D46DE8}") = "Module3", "Module3", "{1588671E-C335-44D4-A45D-91B7CA98A682}"
EndProject
Project("{9A19103F-16F7-4668-BE54-9A1E7A4F7556}") = "Apollo.ASPNetCore.Module3.StaticFiles", "Apollo.ASPNetCore.Module3.StaticFiles\Apollo.ASPNetCore.Module3.StaticFiles.csproj", "{76616EA4-5CE9-4034-9233-9702605A42EF}"
EndProject
Project("{9A19103F-16F7-4668-BE54-9A1E7A4F7556}") = "Apollo.ASPNetCore.Module4.RestaurantReviews", "Apollo.ASPNetCore.Module4.Controllers\Apollo.ASPNetCore.Module4.RestaurantReviews.csproj", "{5A12AF87-9F9F-4ECE-99CC-CC75F3A91906}"
EndProject
Project("{2150E333-8FDC-42A3-9474-1A3956D46DE8}") = "Module5", "Module5", "{C048D1B3-0AB9-448C-A0AE-104975C6CBA8}"
EndProject
Project("{9A19103F-16F7-4668-BE54-9A1E7A4F7556}") = "Apollo.ASPNetCore.Module5.RestaurantReviews", "Apollo.ASPNetCore.Module5.Models\Apollo.ASPNetCore.Module5.RestaurantReviews.csproj", "{E858ADCB-C57A-42D9-9058-7590B0C529F2}"
EndProject
Project("{2150E333-8FDC-42A3-9474-1A3956D46DE8}") = "Module6", "Module6", "{DA65154D-2205-4257-A975-F916AC7907A5}"
EndProject
Project("{9A19103F-16F7-4668-BE54-9A1E7A4F7556}") = "Apollo.ASPNetCore.Module6.RestaurantReviews", "Apollo.ASPNetCore.Module6.EF\Apollo.ASPNetCore.Module6.RestaurantReviews.csproj", "{CA641066-6F7A-4EE0-B579-9EFB90AD9808}"
EndProject
Global
	GlobalSection(SolutionConfigurationPlatforms) = preSolution
		Debug|Any CPU = Debug|Any CPU
		Release|Any CPU = Release|Any CPU
	EndGlobalSection
	GlobalSection(ProjectConfigurationPlatforms) = postSolution
		{535E1547-D0A6-4418-BAAB-467EBD260E2A}.Debug|Any CPU.ActiveCfg = Debug|Any CPU
		{535E1547-D0A6-4418-BAAB-467EBD260E2A}.Debug|Any CPU.Build.0 = Debug|Any CPU
		{535E1547-D0A6-4418-BAAB-467EBD260E2A}.Release|Any CPU.ActiveCfg = Release|Any CPU
		{535E1547-D0A6-4418-BAAB-467EBD260E2A}.Release|Any CPU.Build.0 = Release|Any CPU
		{76616EA4-5CE9-4034-9233-9702605A42EF}.Debug|Any CPU.ActiveCfg = Debug|Any CPU
		{76616EA4-5CE9-4034-9233-9702605A42EF}.Debug|Any CPU.Build.0 = Debug|Any CPU
		{76616EA4-5CE9-4034-9233-9702605A42EF}.Release|Any CPU.ActiveCfg = Release|Any CPU
		{76616EA4-5CE9-4034-9233-9702605A42EF}.Release|Any CPU.Build.0 = Release|Any CPU
		{5A12AF87-9F9F-4ECE-99CC-CC75F3A91906}.Debug|Any CPU.ActiveCfg = Debug|Any CPU
		{5A12AF87-9F9F-4ECE-99CC-CC75F3A91906}.Debug|Any CPU.Build.0 = Debug|Any CPU
		{5A12AF87-9F9F-4ECE-99CC-CC75F3A91906}.Release|Any CPU.ActiveCfg = Release|Any CPU
		{5A12AF87-9F9F-4ECE-99CC-CC75F3A91906}.Release|Any CPU.Build.0 = Release|Any CPU
		{E858ADCB-C57A-42D9-9058-7590B0C529F2}.Debug|Any CPU.ActiveCfg = Debug|Any CPU
		{E858ADCB-C57A-42D9-9058-7590B0C529F2}.Debug|Any CPU.Build.0 = Debug|Any CPU
		{E858ADCB-C57A-42D9-9058-7590B0C529F2}.Release|Any CPU.ActiveCfg = Release|Any CPU
		{E858ADCB-C57A-42D9-9058-7590B0C529F2}.Release|Any CPU.Build.0 = Release|Any CPU
		{CA641066-6F7A-4EE0-B579-9EFB90AD9808}.Debug|Any CPU.ActiveCfg = Debug|Any CPU
		{CA641066-6F7A-4EE0-B579-9EFB90AD9808}.Debug|Any CPU.Build.0 = Debug|Any CPU
		{CA641066-6F7A-4EE0-B579-9EFB90AD9808}.Release|Any CPU.ActiveCfg = Release|Any CPU
		{CA641066-6F7A-4EE0-B579-9EFB90AD9808}.Release|Any CPU.Build.0 = Release|Any CPU
	EndGlobalSection
	GlobalSection(SolutionProperties) = preSolution
		HideSolutionNode = FALSE
	EndGlobalSection
	GlobalSection(NestedProjects) = preSolution
		{535E1547-D0A6-4418-BAAB-467EBD260E2A} = {E9AF875C-84D8-4AE3-A470-5ECF8EE5D91B}
		{76616EA4-5CE9-4034-9233-9702605A42EF} = {1588671E-C335-44D4-A45D-91B7CA98A682}
		{5A12AF87-9F9F-4ECE-99CC-CC75F3A91906} = {658E6439-C27E-4BF1-B245-BCD430674113}
		{E858ADCB-C57A-42D9-9058-7590B0C529F2} = {C048D1B3-0AB9-448C-A0AE-104975C6CBA8}
		{CA641066-6F7A-4EE0-B579-9EFB90AD9808} = {DA65154D-2205-4257-A975-F916AC7907A5}
	EndGlobalSection
	GlobalSection(ExtensibilityGlobals) = postSolution
		SolutionGuid = {8B51C46E-49D0-4888-8013-74D50145EA9D}
	EndGlobalSection
EndGlobal
